
Microsoft Visual Studio Solution File, Format Version 12.00
# Visual Studio Version 16
VisualStudioVersion = 16.0.29209.152
MinimumVisualStudioVersion = 10.0.40219.1
Project("{FAE04EC0-301F-11D3-BF4B-00C04F79EFBC}") = "TimeTracker", "TimeTracker\TimeTracker.csproj", "{38DF9116-C110-4452-9C7A-8CDF571CBA67}"
EndProject
Global
	GlobalSection(SolutionConfigurationPlatforms) = preSolution
		Debug|Any CPU = Debug|Any CPU
		Release|Any CPU = Release|Any CPU
	EndGlobalSection
	GlobalSection(ProjectConfigurationPlatforms) = postSolution
		{38DF9116-C110-4452-9C7A-8CDF571CBA67}.Debug|Any CPU.ActiveCfg = Debug|Any CPU
		{38DF9116-C110-4452-9C7A-8CDF571CBA67}.Debug|Any CPU.Build.0 = Debug|Any CPU
		{38DF9116-C110-4452-9C7A-8CDF571CBA67}.Release|Any CPU.ActiveCfg = Release|Any CPU
		{38DF9116-C110-4452-9C7A-8CDF571CBA67}.Release|Any CPU.Build.0 = Release|Any CPU
	EndGlobalSection
	GlobalSection(SolutionProperties) = preSolution
		HideSolutionNode = FALSE
	EndGlobalSection
	GlobalSection(ExtensibilityGlobals) = postSolution
		SolutionGuid = {29120CB9-3169-47DF-B7E6-C5AE736FE024}
	EndGlobalSection
EndGlobal
